<?xml version="1.0" encoding="utf-8"?>
<Project ToolsVersion="17.0" xmlns="http://schemas.microsoft.com/developer/msbuild/2003">
  <ItemGroup>
    <ClCompile Include="D:\Documents\GitHub\miseq\portaudio-19.7.0\src\common\pa_allocation.c">
      <Filter>common</Filter>
    </ClCompile>
    <ClCompile Include="D:\Documents\GitHub\miseq\portaudio-19.7.0\src\common\pa_converters.c">
      <Filter>common</Filter>
    </ClCompile>
    <ClCompile Include="D:\Documents\GitHub\miseq\portaudio-19.7.0\src\common\pa_cpuload.c">
      <Filter>common</Filter>
    </ClCompile>
    <ClCompile Include="D:\Documents\GitHub\miseq\portaudio-19.7.0\src\common\pa_debugprint.c">
      <Filter>common</Filter>
    </ClCompile>
    <ClCompile Include="D:\Documents\GitHub\miseq\portaudio-19.7.0\src\common\pa_dither.c">
      <Filter>common</Filter>
    </ClCompile>
    <ClCompile Include="D:\Documents\GitHub\miseq\portaudio-19.7.0\src\common\pa_front.c">
      <Filter>common</Filter>
    </ClCompile>
    <ClCompile Include="D:\Documents\GitHub\miseq\portaudio-19.7.0\src\common\pa_process.c">
      <Filter>common</Filter>
    </ClCompile>
    <ClCompile Include="D:\Documents\GitHub\miseq\portaudio-19.7.0\src\common\pa_ringbuffer.c">
      <Filter>common</Filter>
    </ClCompile>
    <ClCompile Include="D:\Documents\GitHub\miseq\portaudio-19.7.0\src\common\pa_stream.c">
      <Filter>common</Filter>
    </ClCompile>
    <ClCompile Include="D:\Documents\GitHub\miseq\portaudio-19.7.0\src\common\pa_trace.c">
      <Filter>common</Filter>
    </ClCompile>
    <ClCompile Include="D:\Documents\GitHub\miseq\portaudio-19.7.0\src\hostapi\skeleton\pa_hostapi_skeleton.c">
      <Filter>hostapi\skeleton</Filter>
    </ClCompile>
    <ClCompile Include="D:\Documents\GitHub\miseq\portaudio-19.7.0\src\os\win\pa_win_hostapis.c">
      <Filter>os\win</Filter>
    </ClCompile>
    <ClCompile Include="D:\Documents\GitHub\miseq\portaudio-19.7.0\src\os\win\pa_win_util.c">
      <Filter>os\win</Filter>
    </ClCompile>
    <ClCompile Include="D:\Documents\GitHub\miseq\portaudio-19.7.0\src\os\win\pa_win_waveformat.c">
      <Filter>os\win</Filter>
    </ClCompile>
    <ClCompile Include="D:\Documents\GitHub\miseq\portaudio-19.7.0\src\os\win\pa_win_wdmks_utils.c">
      <Filter>os\win</Filter>
    </ClCompile>
    <ClCompile Include="D:\Documents\GitHub\miseq\portaudio-19.7.0\src\os\win\pa_win_coinitialize.c">
      <Filter>os\win</Filter>
    </ClCompile>
    <ClCompile Include="D:\Documents\GitHub\miseq\portaudio-19.7.0\src\os\win\pa_x86_plain_converters.c">
      <Filter>os\win</Filter>
    </ClCompile>
    <ClCompile Include="D:\Documents\GitHub\miseq\portaudio-19.7.0\src\hostapi\dsound\pa_win_ds.c">
      <Filter>hostapi\dsound</Filter>
    </ClCompile>
    <ClCompile Include="D:\Documents\GitHub\miseq\portaudio-19.7.0\src\hostapi\dsound\pa_win_ds_dynlink.c">
      <Filter>hostapi\dsound</Filter>
    </ClCompile>
    <ClCompile Include="D:\Documents\GitHub\miseq\portaudio-19.7.0\src\hostapi\wmme\pa_win_wmme.c">
      <Filter>hostapi\wmme</Filter>
    </ClCompile>
    <ClCompile Include="D:\Documents\GitHub\miseq\portaudio-19.7.0\src\hostapi\wasapi\pa_win_wasapi.c">
      <Filter>hostapi\wasapi</Filter>
    </ClCompile>
    <ClCompile Include="D:\Documents\GitHub\miseq\portaudio-19.7.0\src\hostapi\wdmks\pa_win_wdmks.c">
      <Filter>hostapi\wdmks</Filter>
    </ClCompile>
  </ItemGroup>
  <ItemGroup>
    <ClInclude Include="D:\Documents\GitHub\miseq\portaudio-19.7.0\src\os\win\pa_win_coinitialize.h">
      <Filter>os\win</Filter>
    </ClInclude>
    <ClInclude Include="D:\Documents\GitHub\miseq\portaudio-19.7.0\src\os\win\pa_win_wdmks_utils.h">
      <Filter>os\win</Filter>
    </ClInclude>
    <ClInclude Include="D:\Documents\GitHub\miseq\portaudio-19.7.0\src\os\win\pa_x86_plain_converters.h">
      <Filter>os\win</Filter>
    </ClInclude>
    <ClInclude Include="D:\Documents\GitHub\miseq\portaudio-19.7.0\src\hostapi\dsound\pa_win_ds_dynlink.h">
      <Filter>hostapi\dsound</Filter>
    </ClInclude>
    <ClInclude Include="D:\Documents\GitHub\miseq\portaudio-19.7.0\options_cmake.h">
      <Filter>cmake_generated</Filter>
    </ClInclude>
    <ClInclude Include="D:\Documents\GitHub\miseq\portaudio-19.7.0\include\portaudio.h">
      <Filter>include</Filter>
    </ClInclude>
    <ClInclude Include="D:\Documents\GitHub\miseq\portaudio-19.7.0\include\pa_win_ds.h">
      <Filter>include</Filter>
    </ClInclude>
    <ClInclude Include="D:\Documents\GitHub\miseq\portaudio-19.7.0\include\pa_win_waveformat.h">
      <Filter>include</Filter>
    </ClInclude>
    <ClInclude Include="D:\Documents\GitHub\miseq\portaudio-19.7.0\include\pa_win_wmme.h">
      <Filter>include</Filter>
    </ClInclude>
    <ClInclude Include="D:\Documents\GitHub\miseq\portaudio-19.7.0\include\pa_win_wasapi.h">
      <Filter>include</Filter>
    </ClInclude>
    <ClInclude Include="D:\Documents\GitHub\miseq\portaudio-19.7.0\include\pa_win_wdmks.h">
      <Filter>include</Filter>
    </ClInclude>
    <ClInclude Include="D:\Documents\GitHub\miseq\portaudio-19.7.0\src\common\pa_allocation.h">
      <Filter>common</Filter>
    </ClInclude>
    <ClInclude Include="D:\Documents\GitHub\miseq\portaudio-19.7.0\src\common\pa_converters.h">
      <Filter>common</Filter>
    </ClInclude>
    <ClInclude Include="D:\Documents\GitHub\miseq\portaudio-19.7.0\src\common\pa_cpuload.h">
      <Filter>common</Filter>
    </ClInclude>
    <ClInclude Include="D:\Documents\GitHub\miseq\portaudio-19.7.0\src\common\pa_debugprint.h">
      <Filter>common</Filter>
    </ClInclude>
    <ClInclude Include="D:\Documents\GitHub\miseq\portaudio-19.7.0\src\common\pa_dither.h">
      <Filter>common</Filter>
    </ClInclude>
    <ClInclude Include="D:\Documents\GitHub\miseq\portaudio-19.7.0\src\common\pa_endianness.h">
      <Filter>common</Filter>
    </ClInclude>
    <ClInclude Include="D:\Documents\GitHub\miseq\portaudio-19.7.0\src\common\pa_hostapi.h">
      <Filter>common</Filter>
    </ClInclude>
    <ClInclude Include="D:\Documents\GitHub\miseq\portaudio-19.7.0\src\common\pa_memorybarrier.h">
      <Filter>common</Filter>
    </ClInclude>
    <ClInclude Include="D:\Documents\GitHub\miseq\portaudio-19.7.0\src\common\pa_process.h">
      <Filter>common</Filter>
    </ClInclude>
    <ClInclude Include="D:\Documents\GitHub\miseq\portaudio-19.7.0\src\common\pa_ringbuffer.h">
      <Filter>common</Filter>
    </ClInclude>
    <ClInclude Include="D:\Documents\GitHub\miseq\portaudio-19.7.0\src\common\pa_stream.h">
      <Filter>common</Filter>
    </ClInclude>
    <ClInclude Include="D:\Documents\GitHub\miseq\portaudio-19.7.0\src\common\pa_trace.h">
      <Filter>common</Filter>
    </ClInclude>
    <ClInclude Include="D:\Documents\GitHub\miseq\portaudio-19.7.0\src\common\pa_types.h">
      <Filter>common</Filter>
    </ClInclude>
    <ClInclude Include="D:\Documents\GitHub\miseq\portaudio-19.7.0\src\common\pa_util.h">
      <Filter>common</Filter>
    </ClInclude>
  </ItemGroup>
  <ItemGroup>
    <CustomBuild Include="D:\Documents\GitHub\miseq\portaudio-19.7.0\CMakeLists.txt" />
  </ItemGroup>
  <ItemGroup>
    <None Include="D:\Documents\GitHub\miseq\portaudio-19.7.0\portaudio_cmake.def">
      <Filter>cmake_generated</Filter>
    </None>
  </ItemGroup>
  <ItemGroup>
    <Filter Include="cmake_generated">
      <UniqueIdentifier>{688999F9-2DE7-388C-9FB6-58D882B1BF85}</UniqueIdentifier>
    </Filter>
    <Filter Include="common">
      <UniqueIdentifier>{A5D76CAB-BC1F-3576-A5C6-B13C73C36E81}</UniqueIdentifier>
    </Filter>
    <Filter Include="hostapi">
      <UniqueIdentifier>{05078A84-6473-385D-830D-61D5D4501170}</UniqueIdentifier>
    </Filter>
    <Filter Include="hostapi\dsound">
      <UniqueIdentifier>{C25DD50E-2BE2-3D26-A6C1-4F65BA471AA6}</UniqueIdentifier>
    </Filter>
    <Filter Include="hostapi\skeleton">
      <UniqueIdentifier>{D98D0928-C204-3FD6-AAFC-14A4E963FC59}</UniqueIdentifier>
    </Filter>
    <Filter Include="hostapi\wasapi">
      <UniqueIdentifier>{8A4B89DF-43DF-34AB-B41E-D608DFEA9E5E}</UniqueIdentifier>
    </Filter>
    <Filter Include="hostapi\wdmks">
      <UniqueIdentifier>{2DB453F0-6512-31FC-8A17-13780FAFE80C}</UniqueIdentifier>
    </Filter>
    <Filter Include="hostapi\wmme">
      <UniqueIdentifier>{0977D029-002C-36A3-9E3A-BC74605A9F6A}</UniqueIdentifier>
    </Filter>
    <Filter Include="include">
      <UniqueIdentifier>{78A43B40-D45A-3394-9774-F07314439AD9}</UniqueIdentifier>
    </Filter>
    <Filter Include="os">
      <UniqueIdentifier>{44A6EF26-3206-3FB8-AEBC-9C452D1B935A}</UniqueIdentifier>
    </Filter>
    <Filter Include="os\win">
      <UniqueIdentifier>{AACF9574-4256-3C19-A298-A15454057AE4}</UniqueIdentifier>
    </Filter>
  </ItemGroup>
</Project>
